Microsoft Visual Studio Solution File, Format Version 12.00
# Visual Studio Version 17
VisualStudioVersion = 17.5.2.0
MinimumVisualStudioVersion = 10.0.40219.1
Project("{FAE04EC0-301F-11D3-BF4B-00C04F79EFBC}") = "AMOchatAgent.Api", "AMOchatAgent.Api\AMOchatAgent.Api.csproj", "{CF4792FA-D036-7E5C-B646-F0B8585B9A7E}"
EndProject
Project("{FAE04EC0-301F-11D3-BF4B-00C04F79EFBC}") = "AMOchatAgent.MockApi", "AMOchatAgent.MockApi\AMOchatAgent.MockApi.csproj", "{950439FE-819F-7BAC-84DE-C6C71F309777}"
EndProject
Global
	GlobalSection(SolutionConfigurationPlatforms) = preSolution
		Debug|Any CPU = Debug|Any CPU
		Release|Any CPU = Release|Any CPU
	EndGlobalSection
	GlobalSection(ProjectConfigurationPlatforms) = postSolution
		{CF4792FA-D036-7E5C-B646-F0B8585B9A7E}.Debug|Any CPU.ActiveCfg = Debug|Any CPU
		{CF4792FA-D036-7E5C-B646-F0B8585B9A7E}.Debug|Any CPU.Build.0 = Debug|Any CPU
		{CF4792FA-D036-7E5C-B646-F0B8585B9A7E}.Release|Any CPU.ActiveCfg = Release|Any CPU
		{CF4792FA-D036-7E5C-B646-F0B8585B9A7E}.Release|Any CPU.Build.0 = Release|Any CPU
		{950439FE-819F-7BAC-84DE-C6C71F309777}.Debug|Any CPU.ActiveCfg = Debug|Any CPU
		{950439FE-819F-7BAC-84DE-C6C71F309777}.Debug|Any CPU.Build.0 = Debug|Any CPU
		{950439FE-819F-7BAC-84DE-C6C71F309777}.Release|Any CPU.ActiveCfg = Release|Any CPU
		{950439FE-819F-7BAC-84DE-C6C71F309777}.Release|Any CPU.Build.0 = Release|Any CPU
	EndGlobalSection
	GlobalSection(SolutionProperties) = preSolution
		HideSolutionNode = FALSE
	EndGlobalSection
	GlobalSection(ExtensibilityGlobals) = postSolution
		SolutionGuid = {A4CB7881-1E7E-424D-8CFB-481169DC0E69}
	EndGlobalSection
EndGlobal
